
Microsoft Visual Studio Solution File, Format Version 12.00
# Visual Studio Version 16
VisualStudioVersion = 16.0.31005.135
MinimumVisualStudioVersion = 10.0.40219.1
Project("{FAE04EC0-301F-11D3-BF4B-00C04F79EFBC}") = "ConsoleApp3", "ConsoleApp3\ConsoleApp3.csproj", "{DA2B3E98-EC81-41F3-B574-38555B1D4702}"
EndProject
Global
	GlobalSection(SolutionConfigurationPlatforms) = preSolution
		Debug|Any CPU = Debug|Any CPU
		Release|Any CPU = Release|Any CPU
	EndGlobalSection
	GlobalSection(ProjectConfigurationPlatforms) = postSolution
		{DA2B3E98-EC81-41F3-B574-38555B1D4702}.Debug|Any CPU.ActiveCfg = Debug|Any CPU
		{DA2B3E98-EC81-41F3-B574-38555B1D4702}.Debug|Any CPU.Build.0 = Debug|Any CPU
		{DA2B3E98-EC81-41F3-B574-38555B1D4702}.Release|Any CPU.ActiveCfg = Release|Any CPU
		{DA2B3E98-EC81-41F3-B574-38555B1D4702}.Release|Any CPU.Build.0 = Release|Any CPU
	EndGlobalSection
	GlobalSection(SolutionProperties) = preSolution
		HideSolutionNode = FALSE
	EndGlobalSection
	GlobalSection(ExtensibilityGlobals) = postSolution
		SolutionGuid = {B6753BEB-4FC6-4248-B285-0D8F9D205A62}
	EndGlobalSection
EndGlobal
